// !$*UTF8*$!
{
	archiveVersion = 1;
	classes = {
	};
	objectVersion = 77;
	objects = {

/* Begin PBXBuildFile section */
		C37F731AC2B699400E8205A5 /* GoogleMobileAds in Frameworks */ = {isa = PBXBuildFile; productRef = BC7E7F94318A184652E199D4 /* GoogleMobileAds */; };
/* End PBXBuildFile section */

/* Begin PBXContainerItemProxy section */
		BEEF2BA32F13AAD3007908C1 /* PBXContainerItemProxy */ = {
			isa = PBXContainerItemProxy;
			containerPortal = BEEF2B8D2F13AAD1007908C1 /* Project object */;
			proxyType = 1;
			remoteGlobalIDString = BEEF2B942F13AAD1007908C1;
			remoteInfo = SmokeArrow;
		};
		BEEF2BAD2F13AAD3007908C1 /* PBXContainerItemProxy */ = {
			isa = PBXContainerItemProxy;
			containerPortal = BEEF2B8D2F13AAD1007908C1 /* Project object */;
			proxyType = 1;
			remoteGlobalIDString = BEEF2B942F13AAD1007908C1;
			remoteInfo = SmokeArrow;
		};
/* End PBXContainerItemProxy section */

/* Begin PBXFileReference section */
		BEEF2B952F13AAD1007908C1 /* SmokeArrow.app */ = {isa = PBXFileReference; explicitFileType = wrapper.application; includeInIndex = 0; path = SmokeArrow.app; sourceTree = BUILT_PRODUCTS_DIR; };
		BEEF2BA22F13AAD3007908C1 /* SmokeArrowTests.xctest */ = {isa = PBXFileReference; explicitFileType = wrapper.cfbundle; includeInIndex = 0; path = SmokeArrowTests.xctest; sourceTree = BUILT_PRODUCTS_DIR; };
		BEEF2BAC2F13AAD3007908C1 /* SmokeArrowUITests.xctest */ = {isa = PBXFileReference; explicitFileType = wrapper.cfbundle; includeInIndex = 0; path = SmokeArrowUITests.xctest; sourceTree = BUILT_PRODUCTS_DIR; };
/* End PBXFileReference section */

/* Begin PBXFileSystemSynchronizedRootGroup section */
		BEEF2B972F13AAD1007908C1 /* SmokeArrow */ = {
			isa = PBXFileSystemSynchronizedRootGroup;
			path = SmokeArrow;
			sourceTree = "<group>";
		};
		BEEF2BA52F13AAD3007908C1 /* SmokeArrowTests */ = {
			isa = PBXFileSystemSynchronizedRootGroup;
			path = SmokeArrowTests;
			sourceTree = "<group>";
		};
		BEEF2BAF2F13AAD3007908C1 /* SmokeArrowUITests */ = {
			isa = PBXFileSystemSynchronizedRootGroup;
			path = SmokeArrowUITests;
			sourceTree = "<group>";
		};
/* End PBXFileSystemSynchronizedRootGroup section */

/* Begin PBXFrameworksBuildPhase section */
		BEEF2B922F13AAD1007908C1 /* Frameworks */ = {
			isa = PBXFrameworksBuildPhase;
			buildActionMask = 2147483647;
			files = (
				C37F731AC2B699400E8205A5 /* GoogleMobileAds in Frameworks */,
			);
			runOnlyForDeploymentPostprocessing = 0;
		};
		BEEF2B9F2F13AAD3007908C1 /* Frameworks */ = {
			isa = PBXFrameworksBuildPhase;
			buildActionMask = 2147483647;
			files = (
			);
			runOnlyForDeploymentPostprocessing = 0;
		};
		BEEF2BA92F13AAD3007908C1 /* Frameworks */ = {
			isa = PBXFrameworksBuildPhase;
			buildActionMask = 2147483647;
			files = (
			);
			runOnlyForDeploymentPostprocessing = 0;
		};
/* End PBXFrameworksBuildPhase section */

/* Begin PBXGroup section */
		BEEF2B8C2F13AAD1007908C1 = {
			isa = PBXGroup;
			children = (
				BEEF2B972F13AAD1007908C1 /* SmokeArrow */,
				BEEF2BA52F13AAD3007908C1 /* SmokeArrowTests */,
				BEEF2BAF2F13AAD3007908C1 /* SmokeArrowUITests */,
				BEEF2B962F13AAD1007908C1 /* Products */,
			);
			sourceTree = "<group>";
		};
		BEEF2B962F13AAD1007908C1 /* Products */ = {
			isa = PBXGroup;
			children = (
				BEEF2B952F13AAD1007908C1 /* SmokeArrow.app */,
				BEEF2BA22F13AAD3007908C1 /* SmokeArrowTests.xctest */,
				BEEF2BAC2F13AAD3007908C1 /* SmokeArrowUITests.xctest */,
			);
			name = Products;
			sourceTree = "<group>";
		};
/* End PBXGroup section */

/* Begin PBXNativeTarget section */
		BEEF2B942F13AAD1007908C1 /* SmokeArrow */ = {
			isa = PBXNativeTarget;
			buildConfigurationList = BEEF2BB62F13AAD3007908C1 /* Build configuration list for PBXNativeTarget "SmokeArrow" */;
			buildPhases = (
				BEEF2B912F13AAD1007908C1 /* Sources */,
				BEEF2B922F13AAD1007908C1 /* Frameworks */,
				BEEF2B932F13AAD1007908C1 /* Resources */,
			);
			buildRules = (
			);
			dependencies = (
			);
			fileSystemSynchronizedGroups = (
				BEEF2B972F13AAD1007908C1 /* SmokeArrow */,
			);
			name = SmokeArrow;
			packageProductDependencies = (
				BC7E7F94318A184652E199D4 /* GoogleMobileAds */,
			);
			productName = SmokeArrow;
			productReference = BEEF2B952F13AAD1007908C1 /* SmokeArrow.app */;
			productType = "com.apple.product-type.application";
		};
		BEEF2BA12F13AAD3007908C1 /* SmokeArrowTests */ = {
			isa = PBXNativeTarget;
			buildConfigurationList = BEEF2BB92F13AAD3007908C1 /* Build configuration list for PBXNativeTarget "SmokeArrowTests" */;
			buildPhases = (
				BEEF2B9E2F13AAD3007908C1 /* Sources */,
				BEEF2B9F2F13AAD3007908C1 /* Frameworks */,
				BEEF2BA02F13AAD3007908C1 /* Resources */,
			);
			buildRules = (
			);
			dependencies = (
				BEEF2BA42F13AAD3007908C1 /* PBXTargetDependency */,
			);
			fileSystemSynchronizedGroups = (
				BEEF2BA52F13AAD3007908C1 /* SmokeArrowTests */,
			);
			name = SmokeArrowTests;
			packageProductDependencies = (
			);
			productName = SmokeArrowTests;
			productReference = BEEF2BA22F13AAD3007908C1 /* SmokeArrowTests.xctest */;
			productType = "com.apple.product-type.bundle.unit-test";
		};
		BEEF2BAB2F13AAD3007908C1 /* SmokeArrowUITests */ = {
			isa = PBXNativeTarget;
			buildConfigurationList = BEEF2BBC2F13AAD3007908C1 /* Build configuration list for PBXNativeTarget "SmokeArrowUITests" */;
			buildPhases = (
				BEEF2BA82F13AAD3007908C1 /* Sources */,
				BEEF2BA92F13AAD3007908C1 /* Frameworks */,
				BEEF2BAA2F13AAD3007908C1 /* Resources */,
			);
			buildRules = (
			);
			dependencies = (
				BEEF2BAE2F13AAD3007908C1 /* PBXTargetDependency */,
			);
			fileSystemSynchronizedGroups = (
				BEEF2BAF2F13AAD3007908C1 /* SmokeArrowUITests */,
			);
			name = SmokeArrowUITests;
			packageProductDependencies = (
			);
			productName = SmokeArrowUITests;
			productReference = BEEF2BAC2F13AAD3007908C1 /* SmokeArrowUITests.xctest */;
			productType = "com.apple.product-type.bundle.ui-testing";
		};
/* End PBXNativeTarget section */

/* Begin PBXProject section */
		BEEF2B8D2F13AAD1007908C1 /* Project object */ = {
			isa = PBXProject;
			attributes = {
				BuildIndependentTargetsInParallel = 1;
				LastSwiftUpdateCheck = 2620;
				LastUpgradeCheck = 2620;
				TargetAttributes = {
					BEEF2B942F13AAD1007908C1 = {
						CreatedOnToolsVersion = 26.2;
					};
					BEEF2BA12F13AAD3007908C1 = {
						CreatedOnToolsVersion = 26.2;
						TestTargetID = BEEF2B942F13AAD1007908C1;
					};
					BEEF2BAB2F13AAD3007908C1 = {
						CreatedOnToolsVersion = 26.2;
						TestTargetID = BEEF2B942F13AAD1007908C1;
					};
				};
			};
			buildConfigurationList = BEEF2B902F13AAD1007908C1 /* Build configuration list for PBXProject "SmokeArrow" */;
			developmentRegion = en;
			hasScannedForEncodings = 0;
			knownRegions = (
				en,
				Base,
			);
			mainGroup = BEEF2B8C2F13AAD1007908C1;
			minimizedProjectReferenceProxies = 1;
			packageReferences = (
				F3F7A2845FE2EBDC2A0BCA10 /* XCRemoteSwiftPackageReference "swift-package-manager-google-mobile-ads" */,
			);
			preferredProjectObjectVersion = 77;
			productRefGroup = BEEF2B962F13AAD1007908C1 /* Products */;
			projectDirPath = "";
			projectRoot = "";
			targets = (
				BEEF2B942F13AAD1007908C1 /* SmokeArrow */,
				BEEF2BA12F13AAD3007908C1 /* SmokeArrowTests */,
				BEEF2BAB2F13AAD3007908C1 /* SmokeArrowUITests */,
			);
		};
/* End PBXProject section */

/* Begin PBXResourcesBuildPhase section */
		BEEF2B932F13AAD1007908C1 /* Resources */ = {
			isa = PBXResourcesBuildPhase;
			buildActionMask = 2147483647;
			files = (
			);
			runOnlyForDeploymentPostprocessing = 0;
		};
		BEEF2BA02F13AAD3007908C1 /* Resources */ = {
			isa = PBXResourcesBuildPhase;
			buildActionMask = 2147483647;
			files = (
			);
			runOnlyForDeploymentPostprocessing = 0;
		};
		BEEF2BAA2F13AAD3007908C1 /* Resources */ = {
			isa = PBXResourcesBuildPhase;
			buildActionMask = 2147483647;
			files = (
			);
			runOnlyForDeploymentPostprocessing = 0;
		};
/* End PBXResourcesBuildPhase section */

/* Begin PBXSourcesBuildPhase section */
		BEEF2B912F13AAD1007908C1 /* Sources */ = {
			isa = PBXSourcesBuildPhase;
			buildActionMask = 2147483647;
			files = (
			);
			runOnlyForDeploymentPostprocessing = 0;
		};
		BEEF2B9E2F13AAD3007908C1 /* Sources */ = {
			isa = PBXSourcesBuildPhase;
			buildActionMask = 2147483647;
			files = (
			);
			runOnlyForDeploymentPostprocessing = 0;
		};
		BEEF2BA82F13AAD3007908C1 /* Sources */ = {
			isa = PBXSourcesBuildPhase;
			buildActionMask = 2147483647;
			files = (
			);
			runOnlyForDeploymentPostprocessing = 0;
		};
/* End PBXSourcesBuildPhase section */

/* Begin PBXTargetDependency section */
		BEEF2BA42F13AAD3007908C1 /* PBXTargetDependency */ = {
			isa = PBXTargetDependency;
			target = BEEF2B942F13AAD1007908C1 /* SmokeArrow */;
			targetProxy = BEEF2BA32F13AAD3007908C1 /* PBXContainerItemProxy */;
		};
		BEEF2BAE2F13AAD3007908C1 /* PBXTargetDependency */ = {
			isa = PBXTargetDependency;
			target = BEEF2B942F13AAD1007908C1 /* SmokeArrow */;
			targetProxy = BEEF2BAD2F13AAD3007908C1 /* PBXContainerItemProxy */;
		};
/* End PBXTargetDependency section */

/* Begin XCBuildConfiguration section */
		BEEF2BB42F13AAD3007908C1 /* Debug */ = {
			isa = XCBuildConfiguration;
			buildSettings = {
				ALWAYS_SEARCH_USER_PATHS = NO;
				ASSETCATALOG_COMPILER_GENERATE_SWIFT_ASSET_SYMBOL_EXTENSIONS = YES;
				CLANG_ANALYZER_NONNULL = YES;
				CLANG_ANALYZER_NUMBER_OBJECT_CONVERSION = YES_AGGRESSIVE;
				CLANG_CXX_LANGUAGE_STANDARD = "gnu++20";
				CLANG_ENABLE_MODULES = YES;
				CLANG_ENABLE_OBJC_ARC = YES;
				CLANG_ENABLE_OBJC_WEAK = YES;
				CLANG_WARN_BLOCK_CAPTURE_AUTORELEASING = YES;
				CLANG_WARN_BOOL_CONVERSION = YES;
				CLANG_WARN_COMMA = YES;
				CLANG_WARN_CONSTANT_CONVERSION = YES;
				CLANG_WARN_DEPRECATED_OBJC_IMPLEMENTATIONS = YES;
				CLANG_WARN_DIRECT_OBJC_ISA_USAGE = YES_ERROR;
				CLANG_WARN_DOCUMENTATION_COMMENTS = YES;
				CLANG_WARN_EMPTY_BODY = YES;
				CLANG_WARN_ENUM_CONVERSION = YES;
				CLANG_WARN_INFINITE_RECURSION = YES;
				CLANG_WARN_INT_CONVERSION = YES;
				CLANG_WARN_NON_LITERAL_NULL_CONVERSION = YES;
				CLANG_WARN_OBJC_IMPLICIT_RETAIN_SELF = YES;
				CLANG_WARN_OBJC_LITERAL_CONVERSION = YES;
				CLANG_WARN_OBJC_ROOT_CLASS = YES_ERROR;
				CLANG_WARN_QUOTED_INCLUDE_IN_FRAMEWORK_HEADER = YES;
				CLANG_WARN_RANGE_LOOP_ANALYSIS = YES;
				CLANG_WARN_STRICT_PROTOTYPES = YES;
				CLANG_WARN_SUSPICIOUS_MOVE = YES;
				CLANG_WARN_UNGUARDED_AVAILABILITY = YES_AGGRESSIVE;
				CLANG_WARN_UNREACHABLE_CODE = YES;
				CLANG_WARN__DUPLICATE_METHOD_MATCH = YES;
				COPY_PHASE_STRIP = NO;
				DEBUG_INFORMATION_FORMAT = dwarf;
				DEVELOPMENT_TEAM = U7GZ9S8ZAL;
				ENABLE_STRICT_OBJC_MSGSEND = YES;
				ENABLE_TESTABILITY = YES;
				ENABLE_USER_SCRIPT_SANDBOXING = YES;
				GCC_C_LANGUAGE_STANDARD = gnu17;
				GCC_DYNAMIC_NO_PIC = NO;
				GCC_NO_COMMON_BLOCKS = YES;
				GCC_OPTIMIZATION_LEVEL = 0;
				GCC_PREPROCESSOR_DEFINITIONS = (
					"DEBUG=1",
					"$(inherited)",
				);
				GCC_WARN_64_TO_32_BIT_CONVERSION = YES;
				GCC_WARN_ABOUT_RETURN_TYPE = YES_ERROR;
				GCC_WARN_UNDECLARED_SELECTOR = YES;
				GCC_WARN_UNINITIALIZED_AUTOS = YES_AGGRESSIVE;
				GCC_WARN_UNUSED_FUNCTION = YES;
				GCC_WARN_UNUSED_VARIABLE = YES;
				IPHONEOS_DEPLOYMENT_TARGET = 26.2;
				LOCALIZATION_PREFERS_STRING_CATALOGS = YES;
				MTL_ENABLE_DEBUG_INFO = INCLUDE_SOURCE;
				MTL_FAST_MATH = YES;
				ONLY_ACTIVE_ARCH = YES;
				SDKROOT = iphoneos;
				SWIFT_ACTIVE_COMPILATION_CONDITIONS = "DEBUG $(inherited)";
				SWIFT_OPTIMIZATION_LEVEL = "-Onone";
			};
			name = Debug;
		};
		BEEF2BB52F13AAD3007908C1 /* Release */ = {
			isa = XCBuildConfiguration;
			buildSettings = {
				ALWAYS_SEARCH_USER_PATHS = NO;
				ASSETCATALOG_COMPILER_GENERATE_SWIFT_ASSET_SYMBOL_EXTENSIONS = YES;
				CLANG_ANALYZER_NONNULL = YES;
				CLANG_ANALYZER_NUMBER_OBJECT_CONVERSION = YES_AGGRESSIVE;
				CLANG_CXX_LANGUAGE_STANDARD = "gnu++20";
				CLANG_ENABLE_MODULES = YES;
				CLANG_ENABLE_OBJC_ARC = YES;
				CLANG_ENABLE_OBJC_WEAK = YES;
				CLANG_WARN_BLOCK_CAPTURE_AUTORELEASING = YES;
				CLANG_WARN_BOOL_CONVERSION = YES;
				CLANG_WARN_COMMA = YES;
				CLANG_WARN_CONSTANT_CONVERSION = YES;
				CLANG_WARN_DEPRECATED_OBJC_IMPLEMENTATIONS = YES;
				CLANG_WARN_DIRECT_OBJC_ISA_USAGE = YES_ERROR;
				CLANG_WARN_DOCUMENTATION_COMMENTS = YES;
				CLANG_WARN_EMPTY_BODY = YES;
				CLANG_WARN_ENUM_CONVERSION = YES;
				CLANG_WARN_INFINITE_RECURSION = YES;
				CLANG_WARN_INT_CONVERSION = YES;
				CLANG_WARN_NON_LITERAL_NULL_CONVERSION = YES;
				CLANG_WARN_OBJC_IMPLICIT_RETAIN_SELF = YES;
				CLANG_WARN_OBJC_LITERAL_CONVERSION = YES;
				CLANG_WARN_OBJC_ROOT_CLASS = YES_ERROR;
				CLANG_WARN_QUOTED_INCLUDE_IN_FRAMEWORK_HEADER = YES;
				CLANG_WARN_RANGE_LOOP_ANALYSIS = YES;
				CLANG_WARN_STRICT_PROTOTYPES = YES;
				CLANG_WARN_SUSPICIOUS_MOVE = YES;
				CLANG_WARN_UNGUARDED_AVAILABILITY = YES_AGGRESSIVE;
				CLANG_WARN_UNREACHABLE_CODE = YES;
				CLANG_WARN__DUPLICATE_METHOD_MATCH = YES;
				COPY_PHASE_STRIP = NO;
				DEBUG_INFORMATION_FORMAT = "dwarf-with-dsym";
				DEVELOPMENT_TEAM = U7GZ9S8ZAL;
				ENABLE_NS_ASSERTIONS = NO;
				ENABLE_STRICT_OBJC_MSGSEND = YES;
				ENABLE_USER_SCRIPT_SANDBOXING = YES;
				GCC_C_LANGUAGE_STANDARD = gnu17;
				GCC_NO_COMMON_BLOCKS = YES;
				GCC_WARN_64_TO_32_BIT_CONVERSION = YES;
				GCC_WARN_ABOUT_RETURN_TYPE = YES_ERROR;
				GCC_WARN_UNDECLARED_SELECTOR = YES;
				GCC_WARN_UNINITIALIZED_AUTOS = YES_AGGRESSIVE;
				GCC_WARN_UNUSED_FUNCTION = YES;
				GCC_WARN_UNUSED_VARIABLE = YES;
				IPHONEOS_DEPLOYMENT_TARGET = 26.2;
				LOCALIZATION_PREFERS_STRING_CATALOGS = YES;
				MTL_ENABLE_DEBUG_INFO = NO;
				MTL_FAST_MATH = YES;
				SDKROOT = iphoneos;
				SWIFT_COMPILATION_MODE = wholemodule;
				VALIDATE_PRODUCT = YES;
			};
			name = Release;
		};
		BEEF2BB72F13AAD3007908C1 /* Debug */ = {
			isa = XCBuildConfiguration;
			buildSettings = {
				ASSETCATALOG_COMPILER_APPICON_NAME = AppIcon;
				ASSETCATALOG_COMPILER_GLOBAL_ACCENT_COLOR_NAME = AccentColor;
				CODE_SIGN_STYLE = Automatic;
				CURRENT_PROJECT_VERSION = 4;
				DEVELOPMENT_TEAM = TJNT2P44LU;
				ENABLE_PREVIEWS = YES;
				GENERATE_INFOPLIST_FILE = NO;
				INFOPLIST_FILE = Info.plist;
				INFOPLIST_KEY_CFBundleDisplayName = "喫煙所どっち？";
				INFOPLIST_KEY_GADApplicationIdentifier = "ca-app-pub-1008247845650686~7867165464";
				INFOPLIST_KEY_LSApplicationCategoryType = "public.app-category.lifestyle";
				INFOPLIST_KEY_NSLocationWhenInUseUsageDescription = "最寄りの喫煙所までの方向と距離を表示するために現在地を使用します。";
				INFOPLIST_KEY_UIApplicationSceneManifest_Generation = YES;
				INFOPLIST_KEY_UIApplicationSupportsIndirectInputEvents = YES;
				INFOPLIST_KEY_UILaunchScreen_Generation = YES;
				INFOPLIST_KEY_UISupportedInterfaceOrientations_iPad = "UIInterfaceOrientationPortrait UIInterfaceOrientationPortraitUpsideDown UIInterfaceOrientationLandscapeLeft UIInterfaceOrientationLandscapeRight";
				INFOPLIST_KEY_UISupportedInterfaceOrientations_iPhone = "UIInterfaceOrientationPortrait UIInterfaceOrientationLandscapeLeft UIInterfaceOrientationLandscapeRight";
				LD_RUNPATH_SEARCH_PATHS = (
					"$(inherited)",
					"@executable_path/Frameworks",
				);
				MARKETING_VERSION = 1.0.0;
				PRODUCT_BUNDLE_IDENTIFIER = com.Tsmore.SmokeArrow;
				PRODUCT_NAME = "$(TARGET_NAME)";
				STRING_CATALOG_GENERATE_SYMBOLS = YES;
				SUPPORTED_PLATFORMS = "iphoneos iphonesimulator";
				SUPPORTS_MACCATALYST = NO;
				SUPPORTS_MAC_DESIGNED_FOR_IPHONE_IPAD = NO;
				SUPPORTS_XR_DESIGNED_FOR_IPHONE_IPAD = NO;
				SWIFT_APPROACHABLE_CONCURRENCY = YES;
				SWIFT_DEFAULT_ACTOR_ISOLATION = MainActor;
				SWIFT_EMIT_LOC_STRINGS = YES;
				SWIFT_UPCOMING_FEATURE_MEMBER_IMPORT_VISIBILITY = YES;
				SWIFT_VERSION = 5.0;
				TARGETED_DEVICE_FAMILY = 1;
			};
			name = Debug;
		};
		BEEF2BB82F13AAD3007908C1 /* Release */ = {
			isa = XCBuildConfiguration;
			buildSettings = {
				ASSETCATALOG_COMPILER_APPICON_NAME = AppIcon;
				ASSETCATALOG_COMPILER_GLOBAL_ACCENT_COLOR_NAME = AccentColor;
				CODE_SIGN_STYLE = Automatic;
				CURRENT_PROJECT_VERSION = 4;
				DEVELOPMENT_TEAM = TJNT2P44LU;
				ENABLE_PREVIEWS = YES;
				GENERATE_INFOPLIST_FILE = NO;
				INFOPLIST_FILE = Info.plist;
				INFOPLIST_KEY_CFBundleDisplayName = "喫煙所どっち？";
				INFOPLIST_KEY_GADApplicationIdentifier = "ca-app-pub-1008247845650686~7867165464";
				INFOPLIST_KEY_LSApplicationCategoryType = "public.app-category.lifestyle";
				INFOPLIST_KEY_NSLocationWhenInUseUsageDescription = "最寄りの喫煙所までの方向と距離を表示するために現在地を使用します。";
				INFOPLIST_KEY_UIApplicationSceneManifest_Generation = YES;
				INFOPLIST_KEY_UIApplicationSupportsIndirectInputEvents = YES;
				INFOPLIST_KEY_UILaunchScreen_Generation = YES;
				INFOPLIST_KEY_UISupportedInterfaceOrientations_iPad = "UIInterfaceOrientationPortrait UIInterfaceOrientationPortraitUpsideDown UIInterfaceOrientationLandscapeLeft UIInterfaceOrientationLandscapeRight";
				INFOPLIST_KEY_UISupportedInterfaceOrientations_iPhone = "UIInterfaceOrientationPortrait UIInterfaceOrientationLandscapeLeft UIInterfaceOrientationLandscapeRight";
				LD_RUNPATH_SEARCH_PATHS = (
					"$(inherited)",
					"@executable_path/Frameworks",
				);
				MARKETING_VERSION = 1.0.0;
				PRODUCT_BUNDLE_IDENTIFIER = com.Tsmore.SmokeArrow;
				PRODUCT_NAME = "$(TARGET_NAME)";
				STRING_CATALOG_GENERATE_SYMBOLS = YES;
				SUPPORTED_PLATFORMS = "iphoneos iphonesimulator";
				SUPPORTS_MACCATALYST = NO;
				SUPPORTS_MAC_DESIGNED_FOR_IPHONE_IPAD = NO;
				SUPPORTS_XR_DESIGNED_FOR_IPHONE_IPAD = NO;
				SWIFT_APPROACHABLE_CONCURRENCY = YES;
				SWIFT_DEFAULT_ACTOR_ISOLATION = MainActor;
				SWIFT_EMIT_LOC_STRINGS = YES;
				SWIFT_UPCOMING_FEATURE_MEMBER_IMPORT_VISIBILITY = YES;
				SWIFT_VERSION = 5.0;
				TARGETED_DEVICE_FAMILY = 1;
			};
			name = Release;
		};
		BEEF2BBA2F13AAD3007908C1 /* Debug */ = {
			isa = XCBuildConfiguration;
			buildSettings = {
				BUNDLE_LOADER = "$(TEST_HOST)";
				CODE_SIGN_STYLE = Automatic;
				CURRENT_PROJECT_VERSION = 1;
				DEVELOPMENT_TEAM = U7GZ9S8ZAL;
				GENERATE_INFOPLIST_FILE = YES;
				IPHONEOS_DEPLOYMENT_TARGET = 26.2;
				MARKETING_VERSION = 1.0;
				PRODUCT_BUNDLE_IDENTIFIER = com.Tsmore.SmokeArrow.SmokeArrowTests;
				PRODUCT_NAME = "$(TARGET_NAME)";
				STRING_CATALOG_GENERATE_SYMBOLS = NO;
				SWIFT_APPROACHABLE_CONCURRENCY = YES;
				SWIFT_EMIT_LOC_STRINGS = NO;
				SWIFT_UPCOMING_FEATURE_MEMBER_IMPORT_VISIBILITY = YES;
				SWIFT_VERSION = 5.0;
				TARGETED_DEVICE_FAMILY = "1,2";
				TEST_HOST = "$(BUILT_PRODUCTS_DIR)/SmokeArrow.app/$(BUNDLE_EXECUTABLE_FOLDER_PATH)/SmokeArrow";
			};
			name = Debug;
		};
		BEEF2BBB2F13AAD3007908C1 /* Release */ = {
			isa = XCBuildConfiguration;
			buildSettings = {
				BUNDLE_LOADER = "$(TEST_HOST)";
				CODE_SIGN_STYLE = Automatic;
				CURRENT_PROJECT_VERSION = 1;
				DEVELOPMENT_TEAM = U7GZ9S8ZAL;
				GENERATE_INFOPLIST_FILE = YES;
				IPHONEOS_DEPLOYMENT_TARGET = 26.2;
				MARKETING_VERSION = 1.0;
				PRODUCT_BUNDLE_IDENTIFIER = com.Tsmore.SmokeArrow.SmokeArrowTests;
				PRODUCT_NAME = "$(TARGET_NAME)";
				STRING_CATALOG_GENERATE_SYMBOLS = NO;
				SWIFT_APPROACHABLE_CONCURRENCY = YES;
				SWIFT_EMIT_LOC_STRINGS = NO;
				SWIFT_UPCOMING_FEATURE_MEMBER_IMPORT_VISIBILITY = YES;
				SWIFT_VERSION = 5.0;
				TARGETED_DEVICE_FAMILY = "1,2";
				TEST_HOST = "$(BUILT_PRODUCTS_DIR)/SmokeArrow.app/$(BUNDLE_EXECUTABLE_FOLDER_PATH)/SmokeArrow";
			};
			name = Release;
		};
		BEEF2BBD2F13AAD3007908C1 /* Debug */ = {
			isa = XCBuildConfiguration;
			buildSettings = {
				CODE_SIGN_STYLE = Automatic;
				CURRENT_PROJECT_VERSION = 1;
				DEVELOPMENT_TEAM = U7GZ9S8ZAL;
				GENERATE_INFOPLIST_FILE = YES;
				MARKETING_VERSION = 1.0;
				PRODUCT_BUNDLE_IDENTIFIER = com.Tsmore.SmokeArrow.SmokeArrowUITests;
				PRODUCT_NAME = "$(TARGET_NAME)";
				STRING_CATALOG_GENERATE_SYMBOLS = NO;
				SWIFT_APPROACHABLE_CONCURRENCY = YES;
				SWIFT_EMIT_LOC_STRINGS = NO;
				SWIFT_UPCOMING_FEATURE_MEMBER_IMPORT_VISIBILITY = YES;
				SWIFT_VERSION = 5.0;
				TARGETED_DEVICE_FAMILY = "1,2";
				TEST_TARGET_NAME = SmokeArrow;
			};
			name = Debug;
		};
		BEEF2BBE2F13AAD3007908C1 /* Release */ = {
			isa = XCBuildConfiguration;
			buildSettings = {
				CODE_SIGN_STYLE = Automatic;
				CURRENT_PROJECT_VERSION = 1;
				DEVELOPMENT_TEAM = U7GZ9S8ZAL;
				GENERATE_INFOPLIST_FILE = YES;
				MARKETING_VERSION = 1.0;
				PRODUCT_BUNDLE_IDENTIFIER = com.Tsmore.SmokeArrow.SmokeArrowUITests;
				PRODUCT_NAME = "$(TARGET_NAME)";
				STRING_CATALOG_GENERATE_SYMBOLS = NO;
				SWIFT_APPROACHABLE_CONCURRENCY = YES;
				SWIFT_EMIT_LOC_STRINGS = NO;
				SWIFT_UPCOMING_FEATURE_MEMBER_IMPORT_VISIBILITY = YES;
				SWIFT_VERSION = 5.0;
				TARGETED_DEVICE_FAMILY = "1,2";
				TEST_TARGET_NAME = SmokeArrow;
			};
			name = Release;
		};
/* End XCBuildConfiguration section */

/* Begin XCConfigurationList section */
		BEEF2B902F13AAD1007908C1 /* Build configuration list for PBXProject "SmokeArrow" */ = {
			isa = XCConfigurationList;
			buildConfigurations = (
				BEEF2BB42F13AAD3007908C1 /* Debug */,
				BEEF2BB52F13AAD3007908C1 /* Release */,
			);
			defaultConfigurationIsVisible = 0;
			defaultConfigurationName = Release;
		};
		BEEF2BB62F13AAD3007908C1 /* Build configuration list for PBXNativeTarget "SmokeArrow" */ = {
			isa = XCConfigurationList;
			buildConfigurations = (
				BEEF2BB72F13AAD3007908C1 /* Debug */,
				BEEF2BB82F13AAD3007908C1 /* Release */,
			);
			defaultConfigurationIsVisible = 0;
			defaultConfigurationName = Release;
		};
		BEEF2BB92F13AAD3007908C1 /* Build configuration list for PBXNativeTarget "SmokeArrowTests" */ = {
			isa = XCConfigurationList;
			buildConfigurations = (
				BEEF2BBA2F13AAD3007908C1 /* Debug */,
				BEEF2BBB2F13AAD3007908C1 /* Release */,
			);
			defaultConfigurationIsVisible = 0;
			defaultConfigurationName = Release;
		};
		BEEF2BBC2F13AAD3007908C1 /* Build configuration list for PBXNativeTarget "SmokeArrowUITests" */ = {
			isa = XCConfigurationList;
			buildConfigurations = (
				BEEF2BBD2F13AAD3007908C1 /* Debug */,
				BEEF2BBE2F13AAD3007908C1 /* Release */,
			);
			defaultConfigurationIsVisible = 0;
			defaultConfigurationName = Release;
		};
/* End XCConfigurationList section */

/* Begin XCRemoteSwiftPackageReference section */
		F3F7A2845FE2EBDC2A0BCA10 /* XCRemoteSwiftPackageReference "swift-package-manager-google-mobile-ads" */ = {
			isa = XCRemoteSwiftPackageReference;
			repositoryURL = "https://github.com/googleads/swift-package-manager-google-mobile-ads.git";
			requirement = {
				kind = upToNextMajorVersion;
				minimumVersion = 12.14.0;
			};
		};
/* End XCRemoteSwiftPackageReference section */

/* Begin XCSwiftPackageProductDependency section */
		BC7E7F94318A184652E199D4 /* GoogleMobileAds */ = {
			isa = XCSwiftPackageProductDependency;
			package = F3F7A2845FE2EBDC2A0BCA10 /* XCRemoteSwiftPackageReference "swift-package-manager-google-mobile-ads" */;
			productName = GoogleMobileAds;
		};
/* End XCSwiftPackageProductDependency section */
	};
	rootObject = BEEF2B8D2F13AAD1007908C1 /* Project object */;
}
